
Microsoft Visual Studio Solution File, Format Version 12.00
# Visual Studio Version 17
VisualStudioVersion = 17.4.33205.214
MinimumVisualStudioVersion = 10.0.40219.1
Project("{2150E333-8FDC-42A3-9474-1A3956D46DE8}") = "runtime", "runtime", "{3D322D9A-384A-4C95-BDED-BD2D87C15868}"
EndProject
Project("{8BC9CEB8-8B4A-11D0-8D11-00A0C91BC942}") = "core", "runtime\core\core.vcxproj", "{E7C9B972-A474-415F-B3D4-68DF62D1C9C3}"
EndProject
Project("{2150E333-8FDC-42A3-9474-1A3956D46DE8}") = "test", "test", "{33BB4DE6-E06B-4D4B-95A1-1BC9A0889594}"
EndProject
Project("{8BC9CEB8-8B4A-11D0-8D11-00A0C91BC942}") = "core_test", "test\core_test\core_test.vcxproj", "{5839F4F0-DC73-4985-BDF3-B56DE20043B2}"
EndProject
Project("{8BC9CEB8-8B4A-11D0-8D11-00A0C91BC942}") = "ecs", "runtime\ecs\ecs.vcxproj", "{65DCE033-400C-424D-BD1E-E51CE4AB00BD}"
EndProject
Project("{8BC9CEB8-8B4A-11D0-8D11-00A0C91BC942}") = "ecs_test", "test\ecs_test\ecs_test.vcxproj", "{245CFDA5-8C24-42C6-83D4-123DB4A0F282}"
EndProject
Global
	GlobalSection(SolutionConfigurationPlatforms) = preSolution
		Debug|x64 = Debug|x64
		Debug|x86 = Debug|x86
		Release|x64 = Release|x64
		Release|x86 = Release|x86
	EndGlobalSection
	GlobalSection(ProjectConfigurationPlatforms) = postSolution
		{E7C9B972-A474-415F-B3D4-68DF62D1C9C3}.Debug|x64.ActiveCfg = Debug|x64
		{E7C9B972-A474-415F-B3D4-68DF62D1C9C3}.Debug|x64.Build.0 = Debug|x64
		{E7C9B972-A474-415F-B3D4-68DF62D1C9C3}.Debug|x86.ActiveCfg = Debug|Win32
		{E7C9B972-A474-415F-B3D4-68DF62D1C9C3}.Debug|x86.Build.0 = Debug|Win32
		{E7C9B972-A474-415F-B3D4-68DF62D1C9C3}.Release|x64.ActiveCfg = Release|x64
		{E7C9B972-A474-415F-B3D4-68DF62D1C9C3}.Release|x64.Build.0 = Release|x64
		{E7C9B972-A474-415F-B3D4-68DF62D1C9C3}.Release|x86.ActiveCfg = Release|Win32
		{E7C9B972-A474-415F-B3D4-68DF62D1C9C3}.Release|x86.Build.0 = Release|Win32
		{5839F4F0-DC73-4985-BDF3-B56DE20043B2}.Debug|x64.ActiveCfg = Debug|x64
		{5839F4F0-DC73-4985-BDF3-B56DE20043B2}.Debug|x64.Build.0 = Debug|x64
		{5839F4F0-DC73-4985-BDF3-B56DE20043B2}.Debug|x86.ActiveCfg = Debug|Win32
		{5839F4F0-DC73-4985-BDF3-B56DE20043B2}.Debug|x86.Build.0 = Debug|Win32
		{5839F4F0-DC73-4985-BDF3-B56DE20043B2}.Release|x64.ActiveCfg = Release|x64
		{5839F4F0-DC73-4985-BDF3-B56DE20043B2}.Release|x64.Build.0 = Release|x64
		{5839F4F0-DC73-4985-BDF3-B56DE20043B2}.Release|x86.ActiveCfg = Release|Win32
		{5839F4F0-DC73-4985-BDF3-B56DE20043B2}.Release|x86.Build.0 = Release|Win32
		{65DCE033-400C-424D-BD1E-E51CE4AB00BD}.Debug|x64.ActiveCfg = Debug|x64
		{65DCE033-400C-424D-BD1E-E51CE4AB00BD}.Debug|x64.Build.0 = Debug|x64
		{65DCE033-400C-424D-BD1E-E51CE4AB00BD}.Debug|x86.ActiveCfg = Debug|Win32
		{65DCE033-400C-424D-BD1E-E51CE4AB00BD}.Debug|x86.Build.0 = Debug|Win32
		{65DCE033-400C-424D-BD1E-E51CE4AB00BD}.Release|x64.ActiveCfg = Release|x64
		{65DCE033-400C-424D-BD1E-E51CE4AB00BD}.Release|x64.Build.0 = Release|x64
		{65DCE033-400C-424D-BD1E-E51CE4AB00BD}.Release|x86.ActiveCfg = Release|Win32
		{65DCE033-400C-424D-BD1E-E51CE4AB00BD}.Release|x86.Build.0 = Release|Win32
		{245CFDA5-8C24-42C6-83D4-123DB4A0F282}.Debug|x64.ActiveCfg = Debug|x64
		{245CFDA5-8C24-42C6-83D4-123DB4A0F282}.Debug|x64.Build.0 = Debug|x64
		{245CFDA5-8C24-42C6-83D4-123DB4A0F282}.Debug|x86.ActiveCfg = Debug|Win32
		{245CFDA5-8C24-42C6-83D4-123DB4A0F282}.Debug|x86.Build.0 = Debug|Win32
		{245CFDA5-8C24-42C6-83D4-123DB4A0F282}.Release|x64.ActiveCfg = Release|x64
		{245CFDA5-8C24-42C6-83D4-123DB4A0F282}.Release|x64.Build.0 = Release|x64
		{245CFDA5-8C24-42C6-83D4-123DB4A0F282}.Release|x86.ActiveCfg = Release|Win32
		{245CFDA5-8C24-42C6-83D4-123DB4A0F282}.Release|x86.Build.0 = Release|Win32
	EndGlobalSection
	GlobalSection(SolutionProperties) = preSolution
		HideSolutionNode = FALSE
	EndGlobalSection
	GlobalSection(NestedProjects) = preSolution
		{E7C9B972-A474-415F-B3D4-68DF62D1C9C3} = {3D322D9A-384A-4C95-BDED-BD2D87C15868}
		{5839F4F0-DC73-4985-BDF3-B56DE20043B2} = {33BB4DE6-E06B-4D4B-95A1-1BC9A0889594}
		{65DCE033-400C-424D-BD1E-E51CE4AB00BD} = {3D322D9A-384A-4C95-BDED-BD2D87C15868}
		{245CFDA5-8C24-42C6-83D4-123DB4A0F282} = {33BB4DE6-E06B-4D4B-95A1-1BC9A0889594}
	EndGlobalSection
	GlobalSection(ExtensibilityGlobals) = postSolution
		SolutionGuid = {88077A2D-AF35-4027-B233-A928E450EC8C}
	EndGlobalSection
EndGlobal
