<?xml version="1.0" encoding="utf-8"?>
<Project ToolsVersion="4.0" xmlns="http://schemas.microsoft.com/developer/msbuild/2003">
  <ItemGroup>
    <Filter Include="safe99_common">
      <UniqueIdentifier>{ccba69c0-4175-4f5a-aa22-5915b4453dc4}</UniqueIdentifier>
    </Filter>
    <Filter Include="private">
      <UniqueIdentifier>{32dcd880-0113-4922-93f2-95a1b5b9b880}</UniqueIdentifier>
    </Filter>
    <Filter Include="component">
      <UniqueIdentifier>{8cc12693-a978-451a-8605-05102bf4a404}</UniqueIdentifier>
    </Filter>
    <Filter Include="system">
      <UniqueIdentifier>{33a9ce81-5225-4cfe-804c-2b8f873ae6fc}</UniqueIdentifier>
    </Filter>
  </ItemGroup>
  <ItemGroup>
    <ClInclude Include="..\..\..\source\safe99_common\assert.h">
      <Filter>safe99_common</Filter>
    </ClInclude>
    <ClInclude Include="..\..\..\source\safe99_common\defines.h">
      <Filter>safe99_common</Filter>
    </ClInclude>
    <ClInclude Include="..\..\..\source\safe99_common\safe_delete.h">
      <Filter>safe99_common</Filter>
    </ClInclude>
    <ClInclude Include="..\..\..\source\safe99_ecs_test\component\position.h">
      <Filter>component</Filter>
    </ClInclude>
    <ClInclude Include="..\..\..\source\safe99_ecs_test\component\velocity.h">
      <Filter>component</Filter>
    </ClInclude>
  </ItemGroup>
  <ItemGroup>
    <ClCompile Include="..\..\..\source\safe99_ecs_test\private\benchmark1.c">
      <Filter>private</Filter>
    </ClCompile>
    <ClCompile Include="..\..\..\source\safe99_ecs_test\private\sample1.c">
      <Filter>private</Filter>
    </ClCompile>
  </ItemGroup>
</Project>