<?xml version="1.0" encoding="utf-8"?>
<Project ToolsVersion="4.0" xmlns="http://schemas.microsoft.com/developer/msbuild/2003">
  <ItemGroup>
    <Filter Include="safe99_common">
      <UniqueIdentifier>{bcf332b9-9092-4518-be18-252da654c762}</UniqueIdentifier>
    </Filter>
    <Filter Include="private">
      <UniqueIdentifier>{6b2553a6-02fc-4874-a7d0-bc23fb7bac4a}</UniqueIdentifier>
    </Filter>
  </ItemGroup>
  <ItemGroup>
    <ClInclude Include="..\..\..\source\safe99_common\assert.h">
      <Filter>safe99_common</Filter>
    </ClInclude>
    <ClInclude Include="..\..\..\source\safe99_common\defines.h">
      <Filter>safe99_common</Filter>
    </ClInclude>
    <ClInclude Include="..\..\..\source\safe99_common\safe_delete.h">
      <Filter>safe99_common</Filter>
    </ClInclude>
    <ClInclude Include="..\..\..\source\safe99_math\private\precompiled.h">
      <Filter>private</Filter>
    </ClInclude>
    <ClInclude Include="..\..\..\source\safe99_math\matrix.h" />
    <ClInclude Include="..\..\..\source\safe99_math\math.h" />
    <ClInclude Include="..\..\..\source\safe99_math\vector.h" />
    <ClInclude Include="..\..\..\source\safe99_math\math_misc.h" />
    <ClInclude Include="..\..\..\source\safe99_math\math_defines.h" />
    <ClInclude Include="..\..\..\source\safe99_common\types.h">
      <Filter>safe99_common</Filter>
    </ClInclude>
  </ItemGroup>
  <ItemGroup>
    <ClCompile Include="..\..\..\source\safe99_math\private\dll_main.c">
      <Filter>private</Filter>
    </ClCompile>
    <ClCompile Include="..\..\..\source\safe99_math\private\precompiled.c">
      <Filter>private</Filter>
    </ClCompile>
    <ClCompile Include="..\..\..\source\safe99_math\private\math.c">
      <Filter>private</Filter>
    </ClCompile>
    <ClCompile Include="..\..\..\source\safe99_math\private\math_misc.c">
      <Filter>private</Filter>
    </ClCompile>
  </ItemGroup>
</Project>