<?xml version="1.0" encoding="utf-8"?>
<Project ToolsVersion="4.0" xmlns="http://schemas.microsoft.com/developer/msbuild/2003">
  <ItemGroup>
    <Filter Include="private">
      <UniqueIdentifier>{6fa5dcee-c28b-43a8-85ac-6531fd3ec4ab}</UniqueIdentifier>
    </Filter>
  </ItemGroup>
  <ItemGroup>
    <ClCompile Include="..\..\..\source\safe99_renderer_ddraw_test\private\main.c">
      <Filter>private</Filter>
    </ClCompile>
    <ClCompile Include="..\..\..\source\safe99_renderer_ddraw_test\private\image_loader.c">
      <Filter>private</Filter>
    </ClCompile>
  </ItemGroup>
  <ItemGroup>
    <ClInclude Include="..\..\..\source\safe99_renderer_ddraw_test\image.h" />
    <ClInclude Include="..\..\..\source\safe99_renderer_ddraw_test\image_loader.h" />
  </ItemGroup>
</Project>